
Microsoft Visual Studio Solution File, Format Version 12.00
# Visual Studio Version 17
VisualStudioVersion = 17.3.32929.385
MinimumVisualStudioVersion = 10.0.40219.1
Project("{FAE04EC0-301F-11D3-BF4B-00C04F79EFBC}") = "rubinCipher", "rubinCipher\rubinCipher.csproj", "{925AF83D-53D0-44F2-B23E-CA301441A714}"
EndProject
Global
	GlobalSection(SolutionConfigurationPlatforms) = preSolution
		Debug|Any CPU = Debug|Any CPU
		Release|Any CPU = Release|Any CPU
	EndGlobalSection
	GlobalSection(ProjectConfigurationPlatforms) = postSolution
		{925AF83D-53D0-44F2-B23E-CA301441A714}.Debug|Any CPU.ActiveCfg = Debug|Any CPU
		{925AF83D-53D0-44F2-B23E-CA301441A714}.Debug|Any CPU.Build.0 = Debug|Any CPU
		{925AF83D-53D0-44F2-B23E-CA301441A714}.Release|Any CPU.ActiveCfg = Release|Any CPU
		{925AF83D-53D0-44F2-B23E-CA301441A714}.Release|Any CPU.Build.0 = Release|Any CPU
	EndGlobalSection
	GlobalSection(SolutionProperties) = preSolution
		HideSolutionNode = FALSE
	EndGlobalSection
	GlobalSection(ExtensibilityGlobals) = postSolution
		SolutionGuid = {AA6CCE78-B87A-475D-AE72-354F30E9268F}
	EndGlobalSection
EndGlobal
